
Microsoft Visual Studio Solution File, Format Version 12.00
# Visual Studio Version 16
VisualStudioVersion = 16.0.30523.141
MinimumVisualStudioVersion = 10.0.40219.1
Project("{FAE04EC0-301F-11D3-BF4B-00C04F79EFBC}") = "FileExplorer", "FileExplorer.csproj", "{7EC5B3FA-7D1B-48A9-8C90-B135D26CEE18}"
EndProject
Global
	GlobalSection(SolutionConfigurationPlatforms) = preSolution
		Debug|Any CPU = Debug|Any CPU
		Release|Any CPU = Release|Any CPU
	EndGlobalSection
	GlobalSection(ProjectConfigurationPlatforms) = postSolution
		{7EC5B3FA-7D1B-48A9-8C90-B135D26CEE18}.Debug|Any CPU.ActiveCfg = Debug|Any CPU
		{7EC5B3FA-7D1B-48A9-8C90-B135D26CEE18}.Debug|Any CPU.Build.0 = Debug|Any CPU
		{7EC5B3FA-7D1B-48A9-8C90-B135D26CEE18}.Release|Any CPU.ActiveCfg = Release|Any CPU
		{7EC5B3FA-7D1B-48A9-8C90-B135D26CEE18}.Release|Any CPU.Build.0 = Release|Any CPU
	EndGlobalSection
	GlobalSection(SolutionProperties) = preSolution
		HideSolutionNode = FALSE
	EndGlobalSection
	GlobalSection(ExtensibilityGlobals) = postSolution
		SolutionGuid = {8A39B009-D89B-4E2F-9B6C-B9FC9E5B23E2}
	EndGlobalSection
EndGlobal
